
Microsoft Visual Studio Solution File, Format Version 12.00
# Visual Studio Version 17
VisualStudioVersion = 17.14.36429.23
MinimumVisualStudioVersion = 10.0.40219.1
Project("{2150E333-8FDC-42A3-9474-1A3956D46DE8}") = "Task0", "Task0", "{02EA681E-C7D8-13C7-8484-4AC65E1B71E8}"
EndProject
Project("{FAE04EC0-301F-11D3-BF4B-00C04F79EFBC}") = "Tyuiu.KruchininEP.Sprint6.Task0.V1.Lib", "Tyuiu.KruchininEP.Sprint6.Task0.V1.Lib\Tyuiu.KruchininEP.Sprint6.Task0.V1.Lib.csproj", "{95517DA8-4EC1-41C6-98F6-F7D665BE222C}"
EndProject
Project("{FAE04EC0-301F-11D3-BF4B-00C04F79EFBC}") = "Tyuiu.KruchininEP.Sprint6.Task0.V1.Test", "Tyuiu.KruchininEP.Sprint6.Task0.V1.Test\Tyuiu.KruchininEP.Sprint6.Task0.V1.Test.csproj", "{6E0A04E1-7B25-4BD9-BA14-37BD82293A2A}"
EndProject
Project("{FAE04EC0-301F-11D3-BF4B-00C04F79EFBC}") = "Tyuiu.KruchininEP.Sprint6.Task0.V1", "Tyuiu.KruchininEP.Sprint6.Task0.V1\Tyuiu.KruchininEP.Sprint6.Task0.V1.csproj", "{3A49C808-2E4B-4836-B215-A59492B7EF48}"
EndProject
Project("{2150E333-8FDC-42A3-9474-1A3956D46DE8}") = "Task1", "Task1", "{3493DDA1-C2D2-47C9-A18E-27AA1DFA4BC6}"
EndProject
Project("{FAE04EC0-301F-11D3-BF4B-00C04F79EFBC}") = "Tyuiu.KruchininEP.Sprint6.Task1.V17.Lib", "Tyuiu.KruchininEP.Sprint6.Task1.V17.Lib\Tyuiu.KruchininEP.Sprint6.Task1.V17.Lib.csproj", "{A176E888-4A1B-42D2-800A-7881B6F72CEA}"
EndProject
Project("{FAE04EC0-301F-11D3-BF4B-00C04F79EFBC}") = "Tyuiu.KruchininEP.Sprint6.Task1.V17.Test", "Tyuiu.KruchininEP.Sprint6.Task1.V17.Test\Tyuiu.KruchininEP.Sprint6.Task1.V17.Test.csproj", "{CC080828-31B4-4BB9-9053-20349DD7C8E7}"
EndProject
Project("{FAE04EC0-301F-11D3-BF4B-00C04F79EFBC}") = "Tyuiu.KruchininEP.Sprint6.Task1.V17", "Tyuiu.KruchininEP.Sprint6.Task1.V17\Tyuiu.KruchininEP.Sprint6.Task1.V17.csproj", "{CC05EE0E-09B0-457C-9114-31D752FB99C5}"
EndProject
Project("{2150E333-8FDC-42A3-9474-1A3956D46DE8}") = "Task2", "Task2", "{9F39A273-054A-4420-86FF-8A2036A1ADBE}"
EndProject
Project("{FAE04EC0-301F-11D3-BF4B-00C04F79EFBC}") = "Tyuiu.KruchininEP.Sprint6.Task2.V24.Lib", "Tyuiu.KruchininEP.Sprint6.Task2.V24.Lib\Tyuiu.KruchininEP.Sprint6.Task2.V24.Lib.csproj", "{5D2CDE5A-5910-4B68-A167-4785E96FFB45}"
EndProject
Project("{FAE04EC0-301F-11D3-BF4B-00C04F79EFBC}") = "Tyuiu.KruchininEP.Sprint6.Task2.V24.Test", "Tyuiu.KruchininEP.Sprint6.Task2.V24.Test\Tyuiu.KruchininEP.Sprint6.Task2.V24.Test.csproj", "{1A8D9AD8-6674-4C51-80FF-5EC90A8601B2}"
EndProject
Project("{FAE04EC0-301F-11D3-BF4B-00C04F79EFBC}") = "Tyuiu.KruchininEP.Sprint6.Task2.V24", "Tyuiu.KruchininEP.Sprint6.Task2.V24\Tyuiu.KruchininEP.Sprint6.Task2.V24.csproj", "{6E770C42-EF9E-45FE-BCBD-44A332BA0240}"
EndProject
Project("{2150E333-8FDC-42A3-9474-1A3956D46DE8}") = "Task3", "Task3", "{24EC1244-C053-46C2-ADDC-0F75C6E3F52F}"
EndProject
Project("{FAE04EC0-301F-11D3-BF4B-00C04F79EFBC}") = "Tyuiu.KruchininEP.Sprint6.Task3.V30.Test", "Tyuiu.KruchininEP.Sprint6.Task3.V30.Test\Tyuiu.KruchininEP.Sprint6.Task3.V30.Test.csproj", "{F5467D54-D96E-46F0-B85F-85957C816D9D}"
EndProject
Project("{FAE04EC0-301F-11D3-BF4B-00C04F79EFBC}") = "Tyuiu.KruchininEP.Sprint6.Task3.V30.Lib", "Tyuiu.KruchininEP.Sprint6.Task3.V30.Lib\Tyuiu.KruchininEP.Sprint6.Task3.V30.Lib.csproj", "{652BB68E-815C-431C-9AED-DE2C7675B3B8}"
EndProject
Project("{FAE04EC0-301F-11D3-BF4B-00C04F79EFBC}") = "Tyuiu.KruchininEP.Sprint6.Task3.V30", "Tyuiu.KruchininEP.Sprint6.Task3.V30\Tyuiu.KruchininEP.Sprint6.Task3.V30.csproj", "{D5C30D08-0E96-4118-8CDB-46E2FBA1B427}"
EndProject
Project("{2150E333-8FDC-42A3-9474-1A3956D46DE8}") = "Task4", "Task4", "{3BFAD12A-4007-43FF-A930-139EC8B8C9FD}"
EndProject
Project("{FAE04EC0-301F-11D3-BF4B-00C04F79EFBC}") = "Tyuiu.KruchininEP.Sprint6.Task4.V27.Lib", "Tyuiu.KruchininEP.Sprint6.Task4.V27.Lib\Tyuiu.KruchininEP.Sprint6.Task4.V27.Lib.csproj", "{34B9E997-88F7-4725-A90C-ADF0D5817C43}"
EndProject
Project("{FAE04EC0-301F-11D3-BF4B-00C04F79EFBC}") = "Tyuiu.KruchininEP.Sprint6.Task4.V27", "Tyuiu.KruchininEP.Sprint6.Task4.V27\Tyuiu.KruchininEP.Sprint6.Task4.V27.csproj", "{2704B353-5EB3-4333-98FB-6986C006FBF0}"
EndProject
Project("{FAE04EC0-301F-11D3-BF4B-00C04F79EFBC}") = "Tyuiu.KruchininEP.Sprint6.Task4.V27.Test", "Tyuiu.KruchininEP.Sprint6.Task4.V27.Test\Tyuiu.KruchininEP.Sprint6.Task4.V27.Test.csproj", "{0B6E0CE6-C336-4294-9FA7-FDED82A21CBB}"
EndProject
Project("{2150E333-8FDC-42A3-9474-1A3956D46DE8}") = "Task5", "Task5", "{C92FFED8-7BE1-4D81-AD3E-D38B792C7A1B}"
EndProject
Project("{FAE04EC0-301F-11D3-BF4B-00C04F79EFBC}") = "Tyuiu.KruchininEP.Sprint6.Task5.V30.Lib", "Tyuiu.KruchininEP.Sprint6.Task5.V30.Lib\Tyuiu.KruchininEP.Sprint6.Task5.V30.Lib.csproj", "{596A74F9-2F1D-4AE9-88BE-F9454FEEEFC6}"
EndProject
Project("{FAE04EC0-301F-11D3-BF4B-00C04F79EFBC}") = "Tyuiu.KruchininEP.Sprint6.Task5.V30", "Tyuiu.KruchininEP.Sprint6.Task5.V30\Tyuiu.KruchininEP.Sprint6.Task5.V30.csproj", "{3DF55FFA-13EA-45DE-B5CC-7B773769A03B}"
EndProject
Project("{FAE04EC0-301F-11D3-BF4B-00C04F79EFBC}") = "Tyuiu.KruchininEP.Sprint6.Task5.V30.Test", "Tyuiu.KruchininEP.Sprint6.Task5.V30.Test\Tyuiu.KruchininEP.Sprint6.Task5.V30.Test.csproj", "{F5534CA3-AB4B-471E-A05E-72F11B4EE126}"
EndProject
Project("{2150E333-8FDC-42A3-9474-1A3956D46DE8}") = "Task6", "Task6", "{AF7E2842-DA4D-46F1-9AD7-7BA313A37AEB}"
EndProject
Project("{FAE04EC0-301F-11D3-BF4B-00C04F79EFBC}") = "Tyuiu.KruchininEP.Sprint6.Task6.V8.Lib", "Tyuiu.KruchininEP.Sprint6.Task6.V8.Lib\Tyuiu.KruchininEP.Sprint6.Task6.V8.Lib.csproj", "{A93C542C-C935-4E70-A78B-2F40BB750D26}"
EndProject
Project("{FAE04EC0-301F-11D3-BF4B-00C04F79EFBC}") = "Tyuiu.KruchininEP.Sprint6.Task6.V8.Test", "Tyuiu.KruchininEP.Sprint6.Task6.V8.Test\Tyuiu.KruchininEP.Sprint6.Task6.V8.Test.csproj", "{9E721B74-C76F-4B11-BFE6-276FF7C1088F}"
EndProject
Project("{FAE04EC0-301F-11D3-BF4B-00C04F79EFBC}") = "Tyuiu.KruchininEP.Sprint6.Task6.V8", "Tyuiu.KruchininEP.Sprint6.Task6.V8\Tyuiu.KruchininEP.Sprint6.Task6.V8.csproj", "{4B234035-9193-4C62-9361-5563840780A5}"
EndProject
Project("{2150E333-8FDC-42A3-9474-1A3956D46DE8}") = "Task7", "Task7", "{99B4DE09-DDCB-4D94-B5DC-8F4B82FD88E5}"
EndProject
Project("{FAE04EC0-301F-11D3-BF4B-00C04F79EFBC}") = "Tyuiu.KruchininEP.Sprint6.Task7.V4.Lib", "Tyuiu.KruchininEP.Sprint6.Task7.V4.Lib\Tyuiu.KruchininEP.Sprint6.Task7.V4.Lib.csproj", "{038B74DB-A8D3-4A58-8102-5B32AFB75F98}"
EndProject
Project("{FAE04EC0-301F-11D3-BF4B-00C04F79EFBC}") = "Tyuiu.KruchininEP.Sprint6.Task7.V4.Test", "Tyuiu.KruchininEP.Sprint6.Task7.V4.Test\Tyuiu.KruchininEP.Sprint6.Task7.V4.Test.csproj", "{8DFEA442-31C4-422F-A7B7-D09CC9A67ACE}"
EndProject
Project("{FAE04EC0-301F-11D3-BF4B-00C04F79EFBC}") = "Tyuiu.KruchininEP.Sprint6.Task7.V4", "Tyuiu.KruchininEP.Sprint6.Task7.V4\Tyuiu.KruchininEP.Sprint6.Task7.V4.csproj", "{B7FBA98D-6A36-4D43-B771-D054158142FC}"
EndProject
Global
	GlobalSection(SolutionConfigurationPlatforms) = preSolution
		Debug|Any CPU = Debug|Any CPU
		Release|Any CPU = Release|Any CPU
	EndGlobalSection
	GlobalSection(ProjectConfigurationPlatforms) = postSolution
		{95517DA8-4EC1-41C6-98F6-F7D665BE222C}.Debug|Any CPU.ActiveCfg = Debug|Any CPU
		{95517DA8-4EC1-41C6-98F6-F7D665BE222C}.Debug|Any CPU.Build.0 = Debug|Any CPU
		{95517DA8-4EC1-41C6-98F6-F7D665BE222C}.Release|Any CPU.ActiveCfg = Release|Any CPU
		{95517DA8-4EC1-41C6-98F6-F7D665BE222C}.Release|Any CPU.Build.0 = Release|Any CPU
		{6E0A04E1-7B25-4BD9-BA14-37BD82293A2A}.Debug|Any CPU.ActiveCfg = Debug|Any CPU
		{6E0A04E1-7B25-4BD9-BA14-37BD82293A2A}.Debug|Any CPU.Build.0 = Debug|Any CPU
		{6E0A04E1-7B25-4BD9-BA14-37BD82293A2A}.Release|Any CPU.ActiveCfg = Release|Any CPU
		{6E0A04E1-7B25-4BD9-BA14-37BD82293A2A}.Release|Any CPU.Build.0 = Release|Any CPU
		{3A49C808-2E4B-4836-B215-A59492B7EF48}.Debug|Any CPU.ActiveCfg = Debug|Any CPU
		{3A49C808-2E4B-4836-B215-A59492B7EF48}.Debug|Any CPU.Build.0 = Debug|Any CPU
		{3A49C808-2E4B-4836-B215-A59492B7EF48}.Release|Any CPU.ActiveCfg = Release|Any CPU
		{3A49C808-2E4B-4836-B215-A59492B7EF48}.Release|Any CPU.Build.0 = Release|Any CPU
		{A176E888-4A1B-42D2-800A-7881B6F72CEA}.Debug|Any CPU.ActiveCfg = Debug|Any CPU
		{A176E888-4A1B-42D2-800A-7881B6F72CEA}.Debug|Any CPU.Build.0 = Debug|Any CPU
		{A176E888-4A1B-42D2-800A-7881B6F72CEA}.Release|Any CPU.ActiveCfg = Release|Any CPU
		{A176E888-4A1B-42D2-800A-7881B6F72CEA}.Release|Any CPU.Build.0 = Release|Any CPU
		{CC080828-31B4-4BB9-9053-20349DD7C8E7}.Debug|Any CPU.ActiveCfg = Debug|Any CPU
		{CC080828-31B4-4BB9-9053-20349DD7C8E7}.Debug|Any CPU.Build.0 = Debug|Any CPU
		{CC080828-31B4-4BB9-9053-20349DD7C8E7}.Release|Any CPU.ActiveCfg = Release|Any CPU
		{CC080828-31B4-4BB9-9053-20349DD7C8E7}.Release|Any CPU.Build.0 = Release|Any CPU
		{CC05EE0E-09B0-457C-9114-31D752FB99C5}.Debug|Any CPU.ActiveCfg = Debug|Any CPU
		{CC05EE0E-09B0-457C-9114-31D752FB99C5}.Debug|Any CPU.Build.0 = Debug|Any CPU
		{CC05EE0E-09B0-457C-9114-31D752FB99C5}.Release|Any CPU.ActiveCfg = Release|Any CPU
		{CC05EE0E-09B0-457C-9114-31D752FB99C5}.Release|Any CPU.Build.0 = Release|Any CPU
		{5D2CDE5A-5910-4B68-A167-4785E96FFB45}.Debug|Any CPU.ActiveCfg = Debug|Any CPU
		{5D2CDE5A-5910-4B68-A167-4785E96FFB45}.Debug|Any CPU.Build.0 = Debug|Any CPU
		{5D2CDE5A-5910-4B68-A167-4785E96FFB45}.Release|Any CPU.ActiveCfg = Release|Any CPU
		{5D2CDE5A-5910-4B68-A167-4785E96FFB45}.Release|Any CPU.Build.0 = Release|Any CPU
		{1A8D9AD8-6674-4C51-80FF-5EC90A8601B2}.Debug|Any CPU.ActiveCfg = Debug|Any CPU
		{1A8D9AD8-6674-4C51-80FF-5EC90A8601B2}.Debug|Any CPU.Build.0 = Debug|Any CPU
		{1A8D9AD8-6674-4C51-80FF-5EC90A8601B2}.Release|Any CPU.ActiveCfg = Release|Any CPU
		{1A8D9AD8-6674-4C51-80FF-5EC90A8601B2}.Release|Any CPU.Build.0 = Release|Any CPU
		{6E770C42-EF9E-45FE-BCBD-44A332BA0240}.Debug|Any CPU.ActiveCfg = Debug|Any CPU
		{6E770C42-EF9E-45FE-BCBD-44A332BA0240}.Debug|Any CPU.Build.0 = Debug|Any CPU
		{6E770C42-EF9E-45FE-BCBD-44A332BA0240}.Release|Any CPU.ActiveCfg = Release|Any CPU
		{6E770C42-EF9E-45FE-BCBD-44A332BA0240}.Release|Any CPU.Build.0 = Release|Any CPU
		{F5467D54-D96E-46F0-B85F-85957C816D9D}.Debug|Any CPU.ActiveCfg = Debug|Any CPU
		{F5467D54-D96E-46F0-B85F-85957C816D9D}.Debug|Any CPU.Build.0 = Debug|Any CPU
		{F5467D54-D96E-46F0-B85F-85957C816D9D}.Release|Any CPU.ActiveCfg = Release|Any CPU
		{F5467D54-D96E-46F0-B85F-85957C816D9D}.Release|Any CPU.Build.0 = Release|Any CPU
		{652BB68E-815C-431C-9AED-DE2C7675B3B8}.Debug|Any CPU.ActiveCfg = Debug|Any CPU
		{652BB68E-815C-431C-9AED-DE2C7675B3B8}.Debug|Any CPU.Build.0 = Debug|Any CPU
		{652BB68E-815C-431C-9AED-DE2C7675B3B8}.Release|Any CPU.ActiveCfg = Release|Any CPU
		{652BB68E-815C-431C-9AED-DE2C7675B3B8}.Release|Any CPU.Build.0 = Release|Any CPU
		{D5C30D08-0E96-4118-8CDB-46E2FBA1B427}.Debug|Any CPU.ActiveCfg = Debug|Any CPU
		{D5C30D08-0E96-4118-8CDB-46E2FBA1B427}.Debug|Any CPU.Build.0 = Debug|Any CPU
		{D5C30D08-0E96-4118-8CDB-46E2FBA1B427}.Release|Any CPU.ActiveCfg = Release|Any CPU
		{D5C30D08-0E96-4118-8CDB-46E2FBA1B427}.Release|Any CPU.Build.0 = Release|Any CPU
		{34B9E997-88F7-4725-A90C-ADF0D5817C43}.Debug|Any CPU.ActiveCfg = Debug|Any CPU
		{34B9E997-88F7-4725-A90C-ADF0D5817C43}.Debug|Any CPU.Build.0 = Debug|Any CPU
		{34B9E997-88F7-4725-A90C-ADF0D5817C43}.Release|Any CPU.ActiveCfg = Release|Any CPU
		{34B9E997-88F7-4725-A90C-ADF0D5817C43}.Release|Any CPU.Build.0 = Release|Any CPU
		{2704B353-5EB3-4333-98FB-6986C006FBF0}.Debug|Any CPU.ActiveCfg = Debug|Any CPU
		{2704B353-5EB3-4333-98FB-6986C006FBF0}.Debug|Any CPU.Build.0 = Debug|Any CPU
		{2704B353-5EB3-4333-98FB-6986C006FBF0}.Release|Any CPU.ActiveCfg = Release|Any CPU
		{2704B353-5EB3-4333-98FB-6986C006FBF0}.Release|Any CPU.Build.0 = Release|Any CPU
		{0B6E0CE6-C336-4294-9FA7-FDED82A21CBB}.Debug|Any CPU.ActiveCfg = Debug|Any CPU
		{0B6E0CE6-C336-4294-9FA7-FDED82A21CBB}.Debug|Any CPU.Build.0 = Debug|Any CPU
		{0B6E0CE6-C336-4294-9FA7-FDED82A21CBB}.Release|Any CPU.ActiveCfg = Release|Any CPU
		{0B6E0CE6-C336-4294-9FA7-FDED82A21CBB}.Release|Any CPU.Build.0 = Release|Any CPU
		{596A74F9-2F1D-4AE9-88BE-F9454FEEEFC6}.Debug|Any CPU.ActiveCfg = Debug|Any CPU
		{596A74F9-2F1D-4AE9-88BE-F9454FEEEFC6}.Debug|Any CPU.Build.0 = Debug|Any CPU
		{596A74F9-2F1D-4AE9-88BE-F9454FEEEFC6}.Release|Any CPU.ActiveCfg = Release|Any CPU
		{596A74F9-2F1D-4AE9-88BE-F9454FEEEFC6}.Release|Any CPU.Build.0 = Release|Any CPU
		{3DF55FFA-13EA-45DE-B5CC-7B773769A03B}.Debug|Any CPU.ActiveCfg = Debug|Any CPU
		{3DF55FFA-13EA-45DE-B5CC-7B773769A03B}.Debug|Any CPU.Build.0 = Debug|Any CPU
		{3DF55FFA-13EA-45DE-B5CC-7B773769A03B}.Release|Any CPU.ActiveCfg = Release|Any CPU
		{3DF55FFA-13EA-45DE-B5CC-7B773769A03B}.Release|Any CPU.Build.0 = Release|Any CPU
		{F5534CA3-AB4B-471E-A05E-72F11B4EE126}.Debug|Any CPU.ActiveCfg = Debug|Any CPU
		{F5534CA3-AB4B-471E-A05E-72F11B4EE126}.Debug|Any CPU.Build.0 = Debug|Any CPU
		{F5534CA3-AB4B-471E-A05E-72F11B4EE126}.Release|Any CPU.ActiveCfg = Release|Any CPU
		{F5534CA3-AB4B-471E-A05E-72F11B4EE126}.Release|Any CPU.Build.0 = Release|Any CPU
		{A93C542C-C935-4E70-A78B-2F40BB750D26}.Debug|Any CPU.ActiveCfg = Debug|Any CPU
		{A93C542C-C935-4E70-A78B-2F40BB750D26}.Debug|Any CPU.Build.0 = Debug|Any CPU
		{A93C542C-C935-4E70-A78B-2F40BB750D26}.Release|Any CPU.ActiveCfg = Release|Any CPU
		{A93C542C-C935-4E70-A78B-2F40BB750D26}.Release|Any CPU.Build.0 = Release|Any CPU
		{9E721B74-C76F-4B11-BFE6-276FF7C1088F}.Debug|Any CPU.ActiveCfg = Debug|Any CPU
		{9E721B74-C76F-4B11-BFE6-276FF7C1088F}.Debug|Any CPU.Build.0 = Debug|Any CPU
		{9E721B74-C76F-4B11-BFE6-276FF7C1088F}.Release|Any CPU.ActiveCfg = Release|Any CPU
		{9E721B74-C76F-4B11-BFE6-276FF7C1088F}.Release|Any CPU.Build.0 = Release|Any CPU
		{4B234035-9193-4C62-9361-5563840780A5}.Debug|Any CPU.ActiveCfg = Debug|Any CPU
		{4B234035-9193-4C62-9361-5563840780A5}.Debug|Any CPU.Build.0 = Debug|Any CPU
		{4B234035-9193-4C62-9361-5563840780A5}.Release|Any CPU.ActiveCfg = Release|Any CPU
		{4B234035-9193-4C62-9361-5563840780A5}.Release|Any CPU.Build.0 = Release|Any CPU
		{038B74DB-A8D3-4A58-8102-5B32AFB75F98}.Debug|Any CPU.ActiveCfg = Debug|Any CPU
		{038B74DB-A8D3-4A58-8102-5B32AFB75F98}.Debug|Any CPU.Build.0 = Debug|Any CPU
		{038B74DB-A8D3-4A58-8102-5B32AFB75F98}.Release|Any CPU.ActiveCfg = Release|Any CPU
		{038B74DB-A8D3-4A58-8102-5B32AFB75F98}.Release|Any CPU.Build.0 = Release|Any CPU
		{8DFEA442-31C4-422F-A7B7-D09CC9A67ACE}.Debug|Any CPU.ActiveCfg = Debug|Any CPU
		{8DFEA442-31C4-422F-A7B7-D09CC9A67ACE}.Debug|Any CPU.Build.0 = Debug|Any CPU
		{8DFEA442-31C4-422F-A7B7-D09CC9A67ACE}.Release|Any CPU.ActiveCfg = Release|Any CPU
		{8DFEA442-31C4-422F-A7B7-D09CC9A67ACE}.Release|Any CPU.Build.0 = Release|Any CPU
		{B7FBA98D-6A36-4D43-B771-D054158142FC}.Debug|Any CPU.ActiveCfg = Debug|Any CPU
		{B7FBA98D-6A36-4D43-B771-D054158142FC}.Debug|Any CPU.Build.0 = Debug|Any CPU
		{B7FBA98D-6A36-4D43-B771-D054158142FC}.Release|Any CPU.ActiveCfg = Release|Any CPU
		{B7FBA98D-6A36-4D43-B771-D054158142FC}.Release|Any CPU.Build.0 = Release|Any CPU
	EndGlobalSection
	GlobalSection(SolutionProperties) = preSolution
		HideSolutionNode = FALSE
	EndGlobalSection
	GlobalSection(NestedProjects) = preSolution
		{95517DA8-4EC1-41C6-98F6-F7D665BE222C} = {02EA681E-C7D8-13C7-8484-4AC65E1B71E8}
		{6E0A04E1-7B25-4BD9-BA14-37BD82293A2A} = {02EA681E-C7D8-13C7-8484-4AC65E1B71E8}
		{3A49C808-2E4B-4836-B215-A59492B7EF48} = {02EA681E-C7D8-13C7-8484-4AC65E1B71E8}
		{A176E888-4A1B-42D2-800A-7881B6F72CEA} = {3493DDA1-C2D2-47C9-A18E-27AA1DFA4BC6}
		{CC080828-31B4-4BB9-9053-20349DD7C8E7} = {3493DDA1-C2D2-47C9-A18E-27AA1DFA4BC6}
		{CC05EE0E-09B0-457C-9114-31D752FB99C5} = {3493DDA1-C2D2-47C9-A18E-27AA1DFA4BC6}
		{5D2CDE5A-5910-4B68-A167-4785E96FFB45} = {9F39A273-054A-4420-86FF-8A2036A1ADBE}
		{1A8D9AD8-6674-4C51-80FF-5EC90A8601B2} = {9F39A273-054A-4420-86FF-8A2036A1ADBE}
		{6E770C42-EF9E-45FE-BCBD-44A332BA0240} = {9F39A273-054A-4420-86FF-8A2036A1ADBE}
		{F5467D54-D96E-46F0-B85F-85957C816D9D} = {24EC1244-C053-46C2-ADDC-0F75C6E3F52F}
		{652BB68E-815C-431C-9AED-DE2C7675B3B8} = {24EC1244-C053-46C2-ADDC-0F75C6E3F52F}
		{D5C30D08-0E96-4118-8CDB-46E2FBA1B427} = {24EC1244-C053-46C2-ADDC-0F75C6E3F52F}
		{34B9E997-88F7-4725-A90C-ADF0D5817C43} = {3BFAD12A-4007-43FF-A930-139EC8B8C9FD}
		{2704B353-5EB3-4333-98FB-6986C006FBF0} = {3BFAD12A-4007-43FF-A930-139EC8B8C9FD}
		{0B6E0CE6-C336-4294-9FA7-FDED82A21CBB} = {3BFAD12A-4007-43FF-A930-139EC8B8C9FD}
		{596A74F9-2F1D-4AE9-88BE-F9454FEEEFC6} = {C92FFED8-7BE1-4D81-AD3E-D38B792C7A1B}
		{3DF55FFA-13EA-45DE-B5CC-7B773769A03B} = {C92FFED8-7BE1-4D81-AD3E-D38B792C7A1B}
		{F5534CA3-AB4B-471E-A05E-72F11B4EE126} = {C92FFED8-7BE1-4D81-AD3E-D38B792C7A1B}
		{A93C542C-C935-4E70-A78B-2F40BB750D26} = {AF7E2842-DA4D-46F1-9AD7-7BA313A37AEB}
		{9E721B74-C76F-4B11-BFE6-276FF7C1088F} = {AF7E2842-DA4D-46F1-9AD7-7BA313A37AEB}
		{4B234035-9193-4C62-9361-5563840780A5} = {AF7E2842-DA4D-46F1-9AD7-7BA313A37AEB}
		{038B74DB-A8D3-4A58-8102-5B32AFB75F98} = {99B4DE09-DDCB-4D94-B5DC-8F4B82FD88E5}
		{8DFEA442-31C4-422F-A7B7-D09CC9A67ACE} = {99B4DE09-DDCB-4D94-B5DC-8F4B82FD88E5}
		{B7FBA98D-6A36-4D43-B771-D054158142FC} = {99B4DE09-DDCB-4D94-B5DC-8F4B82FD88E5}
	EndGlobalSection
	GlobalSection(ExtensibilityGlobals) = postSolution
		SolutionGuid = {7348674E-83BD-4DDE-88C0-3B89D5F203FF}
	EndGlobalSection
EndGlobal
